// !$*UTF8*$!
{
	archiveVersion = 1;
	classes = {
	};
	objectVersion = 46;
	objects = {

/* Begin PBXBuildFile section */
		8CE94E291B04A16300C885B8 /* AppDelegate.swift in Sources */ = {isa = PBXBuildFile; fileRef = 8CE94E281B04A16300C885B8 /* AppDelegate.swift */; };
		8CE94E2B1B04A16300C885B8 /* ViewController.swift in Sources */ = {isa = PBXBuildFile; fileRef = 8CE94E2A1B04A16300C885B8 /* ViewController.swift */; };
		8CE94E2E1B04A16300C885B8 /* Main.storyboard in Resources */ = {isa = PBXBuildFile; fileRef = 8CE94E2C1B04A16300C885B8 /* Main.storyboard */; };
		8CE94E301B04A16300C885B8 /* Images.xcassets in Resources */ = {isa = PBXBuildFile; fileRef = 8CE94E2F1B04A16300C885B8 /* Images.xcassets */; };
		8CE94E331B04A16300C885B8 /* LaunchScreen.xib in Resources */ = {isa = PBXBuildFile; fileRef = 8CE94E311B04A16300C885B8 /* LaunchScreen.xib */; };
		8CE94E3F1B04A16300C885B8 /* GestureActionTests.swift in Sources */ = {isa = PBXBuildFile; fileRef = 8CE94E3E1B04A16300C885B8 /* GestureActionTests.swift */; };
/* End PBXBuildFile section */

/* Begin PBXContainerItemProxy section */
		8CE94E391B04A16300C885B8 /* PBXContainerItemProxy */ = {
			isa = PBXContainerItemProxy;
			containerPortal = 8CE94E1B1B04A16300C885B8 /* Project object */;
			proxyType = 1;
			remoteGlobalIDString = 8CE94E221B04A16300C885B8;
			remoteInfo = GestureAction;
		};
/* End PBXContainerItemProxy section */

/* Begin PBXFileReference section */
		8CE94E231B04A16300C885B8 /* GestureAction.app */ = {isa = PBXFileReference; explicitFileType = wrapper.application; includeInIndex = 0; path = GestureAction.app; sourceTree = BUILT_PRODUCTS_DIR; };
		8CE94E271B04A16300C885B8 /* Info.plist */ = {isa = PBXFileReference; lastKnownFileType = text.plist.xml; path = Info.plist; sourceTree = "<group>"; };
		8CE94E281B04A16300C885B8 /* AppDelegate.swift */ = {isa = PBXFileReference; lastKnownFileType = sourcecode.swift; path = AppDelegate.swift; sourceTree = "<group>"; };
		8CE94E2A1B04A16300C885B8 /* ViewController.swift */ = {isa = PBXFileReference; lastKnownFileType = sourcecode.swift; path = ViewController.swift; sourceTree = "<group>"; };
		8CE94E2D1B04A16300C885B8 /* Base */ = {isa = PBXFileReference; lastKnownFileType = file.storyboard; name = Base; path = Base.lproj/Main.storyboard; sourceTree = "<group>"; };
		8CE94E2F1B04A16300C885B8 /* Images.xcassets */ = {isa = PBXFileReference; lastKnownFileType = folder.assetcatalog; path = Images.xcassets; sourceTree = "<group>"; };
		8CE94E321B04A16300C885B8 /* Base */ = {isa = PBXFileReference; lastKnownFileType = file.xib; name = Base; path = Base.lproj/LaunchScreen.xib; sourceTree = "<group>"; };
		8CE94E381B04A16300C885B8 /* GestureActionTests.xctest */ = {isa = PBXFileReference; explicitFileType = wrapper.cfbundle; includeInIndex = 0; path = GestureActionTests.xctest; sourceTree = BUILT_PRODUCTS_DIR; };
		8CE94E3D1B04A16300C885B8 /* Info.plist */ = {isa = PBXFileReference; lastKnownFileType = text.plist.xml; path = Info.plist; sourceTree = "<group>"; };
		8CE94E3E1B04A16300C885B8 /* GestureActionTests.swift */ = {isa = PBXFileReference; lastKnownFileType = sourcecode.swift; path = GestureActionTests.swift; sourceTree = "<group>"; };
/* End PBXFileReference section */

/* Begin PBXFrameworksBuildPhase section */
		8CE94E201B04A16300C885B8 /* Frameworks */ = {
			isa = PBXFrameworksBuildPhase;
			buildActionMask = 2147483647;
			files = (
			);
			runOnlyForDeploymentPostprocessing = 0;
		};
		8CE94E351B04A16300C885B8 /* Frameworks */ = {
			isa = PBXFrameworksBuildPhase;
			buildActionMask = 2147483647;
			files = (
			);
			runOnlyForDeploymentPostprocessing = 0;
		};
/* End PBXFrameworksBuildPhase section */

/* Begin PBXGroup section */
		8CE94E1A1B04A16300C885B8 = {
			isa = PBXGroup;
			children = (
				8CE94E251B04A16300C885B8 /* GestureAction */,
				8CE94E3B1B04A16300C885B8 /* GestureActionTests */,
				8CE94E241B04A16300C885B8 /* Products */,
			);
			sourceTree = "<group>";
		};
		8CE94E241B04A16300C885B8 /* Products */ = {
			isa = PBXGroup;
			children = (
				8CE94E231B04A16300C885B8 /* GestureAction.app */,
				8CE94E381B04A16300C885B8 /* GestureActionTests.xctest */,
			);
			name = Products;
			sourceTree = "<group>";
		};
		8CE94E251B04A16300C885B8 /* GestureAction */ = {
			isa = PBXGroup;
			children = (
				8CE94E281B04A16300C885B8 /* AppDelegate.swift */,
				8CE94E2A1B04A16300C885B8 /* ViewController.swift */,
				8CE94E2C1B04A16300C885B8 /* Main.storyboard */,
				8CE94E2F1B04A16300C885B8 /* Images.xcassets */,
				8CE94E311B04A16300C885B8 /* LaunchScreen.xib */,
				8CE94E261B04A16300C885B8 /* Supporting Files */,
			);
			path = GestureAction;
			sourceTree = "<group>";
		};
		8CE94E261B04A16300C885B8 /* Supporting Files */ = {
			isa = PBXGroup;
			children = (
				8CE94E271B04A16300C885B8 /* Info.plist */,
			);
			name = "Supporting Files";
			sourceTree = "<group>";
		};
		8CE94E3B1B04A16300C885B8 /* GestureActionTests */ = {
			isa = PBXGroup;
			children = (
				8CE94E3E1B04A16300C885B8 /* GestureActionTests.swift */,
				8CE94E3C1B04A16300C885B8 /* Supporting Files */,
			);
			path = GestureActionTests;
			sourceTree = "<group>";
		};
		8CE94E3C1B04A16300C885B8 /* Supporting Files */ = {
			isa = PBXGroup;
			children = (
				8CE94E3D1B04A16300C885B8 /* Info.plist */,
			);
			name = "Supporting Files";
			sourceTree = "<group>";
		};
/* End PBXGroup section */

/* Begin PBXNativeTarget section */
		8CE94E221B04A16300C885B8 /* GestureAction */ = {
			isa = PBXNativeTarget;
			buildConfigurationList = 8CE94E421B04A16300C885B8 /* Build configuration list for PBXNativeTarget "GestureAction" */;
			buildPhases = (
				8CE94E1F1B04A16300C885B8 /* Sources */,
				8CE94E201B04A16300C885B8 /* Frameworks */,
				8CE94E211B04A16300C885B8 /* Resources */,
			);
			buildRules = (
			);
			dependencies = (
			);
			name = GestureAction;
			productName = GestureAction;
			productReference = 8CE94E231B04A16300C885B8 /* GestureAction.app */;
			productType = "com.apple.product-type.application";
		};
		8CE94E371B04A16300C885B8 /* GestureActionTests */ = {
			isa = PBXNativeTarget;
			buildConfigurationList = 8CE94E451B04A16300C885B8 /* Build configuration list for PBXNativeTarget "GestureActionTests" */;
			buildPhases = (
				8CE94E341B04A16300C885B8 /* Sources */,
				8CE94E351B04A16300C885B8 /* Frameworks */,
				8CE94E361B04A16300C885B8 /* Resources */,
			);
			buildRules = (
			);
			dependencies = (
				8CE94E3A1B04A16300C885B8 /* PBXTargetDependency */,
			);
			name = GestureActionTests;
			productName = GestureActionTests;
			productReference = 8CE94E381B04A16300C885B8 /* GestureActionTests.xctest */;
			productType = "com.apple.product-type.bundle.unit-test";
		};
/* End PBXNativeTarget section */

/* Begin PBXProject section */
		8CE94E1B1B04A16300C885B8 /* Project object */ = {
			isa = PBXProject;
			attributes = {
				LastUpgradeCheck = 0630;
				ORGANIZATIONNAME = Duck;
				TargetAttributes = {
					8CE94E221B04A16300C885B8 = {
						CreatedOnToolsVersion = 6.3.1;
					};
					8CE94E371B04A16300C885B8 = {
						CreatedOnToolsVersion = 6.3.1;
						TestTargetID = 8CE94E221B04A16300C885B8;
					};
				};
			};
			buildConfigurationList = 8CE94E1E1B04A16300C885B8 /* Build configuration list for PBXProject "GestureAction" */;
			compatibilityVersion = "Xcode 3.2";
			developmentRegion = English;
			hasScannedForEncodings = 0;
			knownRegions = (
				en,
				Base,
			);
			mainGroup = 8CE94E1A1B04A16300C885B8;
			productRefGroup = 8CE94E241B04A16300C885B8 /* Products */;
			projectDirPath = "";
			projectRoot = "";
			targets = (
				8CE94E221B04A16300C885B8 /* GestureAction */,
				8CE94E371B04A16300C885B8 /* GestureActionTests */,
			);
		};
/* End PBXProject section */

/* Begin PBXResourcesBuildPhase section */
		8CE94E211B04A16300C885B8 /* Resources */ = {
			isa = PBXResourcesBuildPhase;
			buildActionMask = 2147483647;
			files = (
				8CE94E2E1B04A16300C885B8 /* Main.storyboard in Resources */,
				8CE94E331B04A16300C885B8 /* LaunchScreen.xib in Resources */,
				8CE94E301B04A16300C885B8 /* Images.xcassets in Resources */,
			);
			runOnlyForDeploymentPostprocessing = 0;
		};
		8CE94E361B04A16300C885B8 /* Resources */ = {
			isa = PBXResourcesBuildPhase;
			buildActionMask = 2147483647;
			files = (
			);
			runOnlyForDeploymentPostprocessing = 0;
		};
/* End PBXResourcesBuildPhase section */

/* Begin PBXSourcesBuildPhase section */
		8CE94E1F1B04A16300C885B8 /* Sources */ = {
			isa = PBXSourcesBuildPhase;
			buildActionMask = 2147483647;
			files = (
				8CE94E2B1B04A16300C885B8 /* ViewController.swift in Sources */,
				8CE94E291B04A16300C885B8 /* AppDelegate.swift in Sources */,
			);
			runOnlyForDeploymentPostprocessing = 0;
		};
		8CE94E341B04A16300C885B8 /* Sources */ = {
			isa = PBXSourcesBuildPhase;
			buildActionMask = 2147483647;
			files = (
				8CE94E3F1B04A16300C885B8 /* GestureActionTests.swift in Sources */,
			);
			runOnlyForDeploymentPostprocessing = 0;
		};
/* End PBXSourcesBuildPhase section */

/* Begin PBXTargetDependency section */
		8CE94E3A1B04A16300C885B8 /* PBXTargetDependency */ = {
			isa = PBXTargetDependency;
			target = 8CE94E221B04A16300C885B8 /* GestureAction */;
			targetProxy = 8CE94E391B04A16300C885B8 /* PBXContainerItemProxy */;
		};
/* End PBXTargetDependency section */

/* Begin PBXVariantGroup section */
		8CE94E2C1B04A16300C885B8 /* Main.storyboard */ = {
			isa = PBXVariantGroup;
			children = (
				8CE94E2D1B04A16300C885B8 /* Base */,
			);
			name = Main.storyboard;
			sourceTree = "<group>";
		};
		8CE94E311B04A16300C885B8 /* LaunchScreen.xib */ = {
			isa = PBXVariantGroup;
			children = (
				8CE94E321B04A16300C885B8 /* Base */,
			);
			name = LaunchScreen.xib;
			sourceTree = "<group>";
		};
/* End PBXVariantGroup section */

/* Begin XCBuildConfiguration section */
		8CE94E401B04A16300C885B8 /* Debug */ = {
			isa = XCBuildConfiguration;
			buildSettings = {
				ALWAYS_SEARCH_USER_PATHS = NO;
				CLANG_CXX_LANGUAGE_STANDARD = "gnu++0x";
				CLANG_CXX_LIBRARY = "libc++";
				CLANG_ENABLE_MODULES = YES;
				CLANG_ENABLE_OBJC_ARC = YES;
				CLANG_WARN_BOOL_CONVERSION = YES;
				CLANG_WARN_CONSTANT_CONVERSION = YES;
				CLANG_WARN_DIRECT_OBJC_ISA_USAGE = YES_ERROR;
				CLANG_WARN_EMPTY_BODY = YES;
				CLANG_WARN_ENUM_CONVERSION = YES;
				CLANG_WARN_INT_CONVERSION = YES;
				CLANG_WARN_OBJC_ROOT_CLASS = YES_ERROR;
				CLANG_WARN_UNREACHABLE_CODE = YES;
				CLANG_WARN__DUPLICATE_METHOD_MATCH = YES;
				"CODE_SIGN_IDENTITY[sdk=iphoneos*]" = "iPhone Developer";
				COPY_PHASE_STRIP = NO;
				DEBUG_INFORMATION_FORMAT = "dwarf-with-dsym";
				ENABLE_STRICT_OBJC_MSGSEND = YES;
				GCC_C_LANGUAGE_STANDARD = gnu99;
				GCC_DYNAMIC_NO_PIC = NO;
				GCC_NO_COMMON_BLOCKS = YES;
				GCC_OPTIMIZATION_LEVEL = 0;
				GCC_PREPROCESSOR_DEFINITIONS = (
					"DEBUG=1",
					"$(inherited)",
				);
				GCC_SYMBOLS_PRIVATE_EXTERN = NO;
				GCC_WARN_64_TO_32_BIT_CONVERSION = YES;
				GCC_WARN_ABOUT_RETURN_TYPE = YES_ERROR;
				GCC_WARN_UNDECLARED_SELECTOR = YES;
				GCC_WARN_UNINITIALIZED_AUTOS = YES_AGGRESSIVE;
				GCC_WARN_UNUSED_FUNCTION = YES;
				GCC_WARN_UNUSED_VARIABLE = YES;
				IPHONEOS_DEPLOYMENT_TARGET = 8.3;
				MTL_ENABLE_DEBUG_INFO = YES;
				ONLY_ACTIVE_ARCH = YES;
				SDKROOT = iphoneos;
				SWIFT_OPTIMIZATION_LEVEL = "-Onone";
			};
			name = Debug;
		};
		8CE94E411B04A16300C885B8 /* Release */ = {
			isa = XCBuildConfiguration;
			buildSettings = {
				ALWAYS_SEARCH_USER_PATHS = NO;
				CLANG_CXX_LANGUAGE_STANDARD = "gnu++0x";
				CLANG_CXX_LIBRARY = "libc++";
				CLANG_ENABLE_MODULES = YES;
				CLANG_ENABLE_OBJC_ARC = YES;
				CLANG_WARN_BOOL_CONVERSION = YES;
				CLANG_WARN_CONSTANT_CONVERSION = YES;
				CLANG_WARN_DIRECT_OBJC_ISA_USAGE = YES_ERROR;
				CLANG_WARN_EMPTY_BODY = YES;
				CLANG_WARN_ENUM_CONVERSION = YES;
				CLANG_WARN_INT_CONVERSION = YES;
				CLANG_WARN_OBJC_ROOT_CLASS = YES_ERROR;
				CLANG_WARN_UNREACHABLE_CODE = YES;
				CLANG_WARN__DUPLICATE_METHOD_MATCH = YES;
				"CODE_SIGN_IDENTITY[sdk=iphoneos*]" = "iPhone Developer";
				COPY_PHASE_STRIP = NO;
				DEBUG_INFORMATION_FORMAT = "dwarf-with-dsym";
				ENABLE_NS_ASSERTIONS = NO;
				ENABLE_STRICT_OBJC_MSGSEND = YES;
				GCC_C_LANGUAGE_STANDARD = gnu99;
				GCC_NO_COMMON_BLOCKS = YES;
				GCC_WARN_64_TO_32_BIT_CONVERSION = YES;
				GCC_WARN_ABOUT_RETURN_TYPE = YES_ERROR;
				GCC_WARN_UNDECLARED_SELECTOR = YES;
				GCC_WARN_UNINITIALIZED_AUTOS = YES_AGGRESSIVE;
				GCC_WARN_UNUSED_FUNCTION = YES;
				GCC_WARN_UNUSED_VARIABLE = YES;
				IPHONEOS_DEPLOYMENT_TARGET = 8.3;
				MTL_ENABLE_DEBUG_INFO = NO;
				SDKROOT = iphoneos;
				VALIDATE_PRODUCT = YES;
			};
			name = Release;
		};
		8CE94E431B04A16300C885B8 /* Debug */ = {
			isa = XCBuildConfiguration;
			buildSettings = {
				ASSETCATALOG_COMPILER_APPICON_NAME = AppIcon;
				INFOPLIST_FILE = GestureAction/Info.plist;
				LD_RUNPATH_SEARCH_PATHS = "$(inherited) @executable_path/Frameworks";
				PRODUCT_NAME = "$(TARGET_NAME)";
			};
			name = Debug;
		};
		8CE94E441B04A16300C885B8 /* Release */ = {
			isa = XCBuildConfiguration;
			buildSettings = {
				ASSETCATALOG_COMPILER_APPICON_NAME = AppIcon;
				INFOPLIST_FILE = GestureAction/Info.plist;
				LD_RUNPATH_SEARCH_PATHS = "$(inherited) @executable_path/Frameworks";
				PRODUCT_NAME = "$(TARGET_NAME)";
			};
			name = Release;
		};
		8CE94E461B04A16300C885B8 /* Debug */ = {
			isa = XCBuildConfiguration;
			buildSettings = {
				BUNDLE_LOADER = "$(TEST_HOST)";
				FRAMEWORK_SEARCH_PATHS = (
					"$(SDKROOT)/Developer/Library/Frameworks",
					"$(inherited)",
				);
				GCC_PREPROCESSOR_DEFINITIONS = (
					"DEBUG=1",
					"$(inherited)",
				);
				INFOPLIST_FILE = GestureActionTests/Info.plist;
				LD_RUNPATH_SEARCH_PATHS = "$(inherited) @executable_path/Frameworks @loader_path/Frameworks";
				PRODUCT_NAME = "$(TARGET_NAME)";
				TEST_HOST = "$(BUILT_PRODUCTS_DIR)/GestureAction.app/GestureAction";
			};
			name = Debug;
		};
		8CE94E471B04A16300C885B8 /* Release */ = {
			isa = XCBuildConfiguration;
			buildSettings = {
				BUNDLE_LOADER = "$(TEST_HOST)";
				FRAMEWORK_SEARCH_PATHS = (
					"$(SDKROOT)/Developer/Library/Frameworks",
					"$(inherited)",
				);
				INFOPLIST_FILE = GestureActionTests/Info.plist;
				LD_RUNPATH_SEARCH_PATHS = "$(inherited) @executable_path/Frameworks @loader_path/Frameworks";
				PRODUCT_NAME = "$(TARGET_NAME)";
				TEST_HOST = "$(BUILT_PRODUCTS_DIR)/GestureAction.app/GestureAction";
			};
			name = Release;
		};
/* End XCBuildConfiguration section */

/* Begin XCConfigurationList section */
		8CE94E1E1B04A16300C885B8 /* Build configuration list for PBXProject "GestureAction" */ = {
			isa = XCConfigurationList;
			buildConfigurations = (
				8CE94E401B04A16300C885B8 /* Debug */,
				8CE94E411B04A16300C885B8 /* Release */,
			);
			defaultConfigurationIsVisible = 0;
			defaultConfigurationName = Release;
		};
		8CE94E421B04A16300C885B8 /* Build configuration list for PBXNativeTarget "GestureAction" */ = {
			isa = XCConfigurationList;
			buildConfigurations = (
				8CE94E431B04A16300C885B8 /* Debug */,
				8CE94E441B04A16300C885B8 /* Release */,
			);
			defaultConfigurationIsVisible = 0;
		};
		8CE94E451B04A16300C885B8 /* Build configuration list for PBXNativeTarget "GestureActionTests" */ = {
			isa = XCConfigurationList;
			buildConfigurations = (
				8CE94E461B04A16300C885B8 /* Debug */,
				8CE94E471B04A16300C885B8 /* Release */,
			);
			defaultConfigurationIsVisible = 0;
		};
/* End XCConfigurationList section */
	};
	rootObject = 8CE94E1B1B04A16300C885B8 /* Project object */;
}
